{
  "name": "rail-baron-alexa-skill-sls-service",
  "requires": true,
  "lockfileVersion": 1,
  "dependencies": {
    "ask-sdk-core": {
      "version": "2.1.0",
      "resolved": "https://registry.npmjs.org/ask-sdk-core/-/ask-sdk-core-2.1.0.tgz",
      "integrity": "sha512-rpltf942eaoFh9jib+BxTG9+OX5yuVw1F2VDI6fnkGlshOvbD7KL4i/FUuubolPEdglr4TqBMKQ2tOuKKDoVNw==",
      "requires": {
        "ask-sdk-runtime": "2.1.0"
      }
    },
    "ask-sdk-model": {
      "version": "1.7.1",
      "resolved": "https://registry.npmjs.org/ask-sdk-model/-/ask-sdk-model-1.7.1.tgz",
      "integrity": "sha512-aOaQnAFCJEmy/Px87xajvAElHi4x12Ib5cHvrnFKiY1pZ/HnT/ASsZunTK8kI8RapMcNiYAEMeW/zvlEDSc2fA=="
    },
    "ask-sdk-runtime": {
      "version": "2.1.0",
      "resolved": "https://registry.npmjs.org/ask-sdk-runtime/-/ask-sdk-runtime-2.1.0.tgz",
      "integrity": "sha512-xiRN41gBWdLFl9m57Mzlv/JIxLZdcVoRI/01wvJXybnw/e+KwqU9l7pkXxhiyLa5hMVHs1snTJUlbHXx6xfD/A=="
    },
    "class.extend": {
      "version": "0.9.2",
      "resolved": "https://registry.npmjs.org/class.extend/-/class.extend-0.9.2.tgz",
      "integrity": "sha1-4cvaNpfLMdPNqxwAHSaQdckDH3g="
    },
    "rail-baron-lib": {
      "version": "git+https://github.com/jthomerson/rail-baron-lib.git#569ffb42a55679f4aef1b978a100ce0be2d0db8f",
      "from": "git+https://github.com/jthomerson/rail-baron-lib.git#569ffb42a55679f4aef1b978a100ce0be2d0db8f",
      "requires": {
        "class.extend": "0.9.2",
        "underscore": "1.8.3"
      },
      "dependencies": {
        "underscore": {
          "version": "1.8.3",
          "resolved": "https://registry.npmjs.org/underscore/-/underscore-1.8.3.tgz",
          "integrity": "sha1-Tz+1OxBuYJf8+ctBCfKl6b36UCI="
        }
      }
    },
    "underscore": {
      "version": "1.12.1",
      "resolved": "https://registry.npmjs.org/underscore/-/underscore-1.12.1.tgz",
      "integrity": "sha512-hEQt0+ZLDVUMhebKxL4x1BTtDY7bavVofhZ9KZ4aI26X9SRaE+Y3m83XUL1UP2jn8ynjndwCCpEHdUG+9pP1Tw=="
    }
  }
}
